
Microsoft Visual Studio Solution File, Format Version 12.00
# Visual Studio Version 17
VisualStudioVersion = 17.4.33213.308
MinimumVisualStudioVersion = 10.0.40219.1
Project("{FAE04EC0-301F-11D3-BF4B-00C04F79EFBC}") = "OrderProcessing", "InterfacesTesting\OrderProcessing.csproj", "{9B841CBA-813E-4456-BD83-49663D87D9F2}"
EndProject
Project("{FAE04EC0-301F-11D3-BF4B-00C04F79EFBC}") = "OrderProcessing.UnitTests", "OrderProcessing.UnitTests\OrderProcessing.UnitTests.csproj", "{413355C6-416C-444F-AC4A-E9C15BFAE4CB}"
EndProject
Global
	GlobalSection(SolutionConfigurationPlatforms) = preSolution
		Debug|Any CPU = Debug|Any CPU
		Release|Any CPU = Release|Any CPU
	EndGlobalSection
	GlobalSection(ProjectConfigurationPlatforms) = postSolution
		{9B841CBA-813E-4456-BD83-49663D87D9F2}.Debug|Any CPU.ActiveCfg = Debug|Any CPU
		{9B841CBA-813E-4456-BD83-49663D87D9F2}.Debug|Any CPU.Build.0 = Debug|Any CPU
		{9B841CBA-813E-4456-BD83-49663D87D9F2}.Release|Any CPU.ActiveCfg = Release|Any CPU
		{9B841CBA-813E-4456-BD83-49663D87D9F2}.Release|Any CPU.Build.0 = Release|Any CPU
		{413355C6-416C-444F-AC4A-E9C15BFAE4CB}.Debug|Any CPU.ActiveCfg = Debug|Any CPU
		{413355C6-416C-444F-AC4A-E9C15BFAE4CB}.Debug|Any CPU.Build.0 = Debug|Any CPU
		{413355C6-416C-444F-AC4A-E9C15BFAE4CB}.Release|Any CPU.ActiveCfg = Release|Any CPU
		{413355C6-416C-444F-AC4A-E9C15BFAE4CB}.Release|Any CPU.Build.0 = Release|Any CPU
	EndGlobalSection
	GlobalSection(SolutionProperties) = preSolution
		HideSolutionNode = FALSE
	EndGlobalSection
	GlobalSection(ExtensibilityGlobals) = postSolution
		SolutionGuid = {F9E56E85-2766-4362-8FC0-8BE742C949E4}
	EndGlobalSection
EndGlobal
